
Microsoft Visual Studio Solution File, Format Version 12.00
Project("{FAE04EC0-301F-11D3-BF4B-00C04F79EFBC}") = "Exer01", "Exer01\Exer01.csproj", "{A3781267-2C31-4C3E-8928-8319BFFA9FD2}"
EndProject
Project("{FAE04EC0-301F-11D3-BF4B-00C04F79EFBC}") = "Exer02", "Exer02\Exer02.csproj", "{10D8589D-EB8D-4EA8-B82D-B78060391590}"
EndProject
Project("{FAE04EC0-301F-11D3-BF4B-00C04F79EFBC}") = "Exer03", "Exer03\Exer03.csproj", "{2CBA3815-C33C-4FFE-8C33-EBE3389BACEC}"
EndProject
Project("{FAE04EC0-301F-11D3-BF4B-00C04F79EFBC}") = "Exer04", "Exer04\Exer04.csproj", "{2392423F-5262-4D67-973A-9D01CE5DE113}"
EndProject
Project("{FAE04EC0-301F-11D3-BF4B-00C04F79EFBC}") = "Exer05", "Exer05\Exer05.csproj", "{B40CC5A5-5DA1-4525-882F-75BE432661F2}"
EndProject
Project("{FAE04EC0-301F-11D3-BF4B-00C04F79EFBC}") = "Exer06", "Exer06\Exer06.csproj", "{42AA3069-C28D-4351-9AE7-E7173D473FD8}"
EndProject
Project("{FAE04EC0-301F-11D3-BF4B-00C04F79EFBC}") = "Exer07", "Exer07\Exer07.csproj", "{D4A1287E-B64E-408C-9FE5-FB339F8719C1}"
EndProject
Global
	GlobalSection(SolutionConfigurationPlatforms) = preSolution
		Debug|Any CPU = Debug|Any CPU
		Release|Any CPU = Release|Any CPU
	EndGlobalSection
	GlobalSection(ProjectConfigurationPlatforms) = postSolution
		{A3781267-2C31-4C3E-8928-8319BFFA9FD2}.Debug|Any CPU.ActiveCfg = Debug|Any CPU
		{A3781267-2C31-4C3E-8928-8319BFFA9FD2}.Debug|Any CPU.Build.0 = Debug|Any CPU
		{A3781267-2C31-4C3E-8928-8319BFFA9FD2}.Release|Any CPU.ActiveCfg = Release|Any CPU
		{A3781267-2C31-4C3E-8928-8319BFFA9FD2}.Release|Any CPU.Build.0 = Release|Any CPU
		{10D8589D-EB8D-4EA8-B82D-B78060391590}.Debug|Any CPU.ActiveCfg = Debug|Any CPU
		{10D8589D-EB8D-4EA8-B82D-B78060391590}.Debug|Any CPU.Build.0 = Debug|Any CPU
		{10D8589D-EB8D-4EA8-B82D-B78060391590}.Release|Any CPU.ActiveCfg = Release|Any CPU
		{10D8589D-EB8D-4EA8-B82D-B78060391590}.Release|Any CPU.Build.0 = Release|Any CPU
		{2CBA3815-C33C-4FFE-8C33-EBE3389BACEC}.Debug|Any CPU.ActiveCfg = Debug|Any CPU
		{2CBA3815-C33C-4FFE-8C33-EBE3389BACEC}.Debug|Any CPU.Build.0 = Debug|Any CPU
		{2CBA3815-C33C-4FFE-8C33-EBE3389BACEC}.Release|Any CPU.ActiveCfg = Release|Any CPU
		{2CBA3815-C33C-4FFE-8C33-EBE3389BACEC}.Release|Any CPU.Build.0 = Release|Any CPU
		{2392423F-5262-4D67-973A-9D01CE5DE113}.Debug|Any CPU.ActiveCfg = Debug|Any CPU
		{2392423F-5262-4D67-973A-9D01CE5DE113}.Debug|Any CPU.Build.0 = Debug|Any CPU
		{2392423F-5262-4D67-973A-9D01CE5DE113}.Release|Any CPU.ActiveCfg = Release|Any CPU
		{2392423F-5262-4D67-973A-9D01CE5DE113}.Release|Any CPU.Build.0 = Release|Any CPU
		{B40CC5A5-5DA1-4525-882F-75BE432661F2}.Debug|Any CPU.ActiveCfg = Debug|Any CPU
		{B40CC5A5-5DA1-4525-882F-75BE432661F2}.Debug|Any CPU.Build.0 = Debug|Any CPU
		{B40CC5A5-5DA1-4525-882F-75BE432661F2}.Release|Any CPU.ActiveCfg = Release|Any CPU
		{B40CC5A5-5DA1-4525-882F-75BE432661F2}.Release|Any CPU.Build.0 = Release|Any CPU
		{42AA3069-C28D-4351-9AE7-E7173D473FD8}.Debug|Any CPU.ActiveCfg = Debug|Any CPU
		{42AA3069-C28D-4351-9AE7-E7173D473FD8}.Debug|Any CPU.Build.0 = Debug|Any CPU
		{42AA3069-C28D-4351-9AE7-E7173D473FD8}.Release|Any CPU.ActiveCfg = Release|Any CPU
		{42AA3069-C28D-4351-9AE7-E7173D473FD8}.Release|Any CPU.Build.0 = Release|Any CPU
		{D4A1287E-B64E-408C-9FE5-FB339F8719C1}.Debug|Any CPU.ActiveCfg = Debug|Any CPU
		{D4A1287E-B64E-408C-9FE5-FB339F8719C1}.Debug|Any CPU.Build.0 = Debug|Any CPU
		{D4A1287E-B64E-408C-9FE5-FB339F8719C1}.Release|Any CPU.ActiveCfg = Release|Any CPU
		{D4A1287E-B64E-408C-9FE5-FB339F8719C1}.Release|Any CPU.Build.0 = Release|Any CPU
	EndGlobalSection
EndGlobal
