
Microsoft Visual Studio Solution File, Format Version 12.00
# Visual Studio Version 17
VisualStudioVersion = 17.6.33723.286
MinimumVisualStudioVersion = 10.0.40219.1
Project("{FAE04EC0-301F-11D3-BF4B-00C04F79EFBC}") = "Exer01", "Exer01\Exer01.csproj", "{EDBD03E6-B94E-4706-9748-53D0BB6066B1}"
EndProject
Project("{FAE04EC0-301F-11D3-BF4B-00C04F79EFBC}") = "Exer02", "Exer02\Exer02.csproj", "{E7533EB5-5668-401E-AD84-7E0C2736D22F}"
EndProject
Project("{FAE04EC0-301F-11D3-BF4B-00C04F79EFBC}") = "Exer03", "Exer03\Exer03.csproj", "{1D729D4D-8B36-4564-8C9D-5A1B16BC1BE2}"
EndProject
Project("{FAE04EC0-301F-11D3-BF4B-00C04F79EFBC}") = "Exer04", "Exer04\Exer04.csproj", "{A4F65EC3-EC01-43D1-A2D3-A78B0B535BB9}"
EndProject
Project("{FAE04EC0-301F-11D3-BF4B-00C04F79EFBC}") = "Exer05", "Exer05\Exer05.csproj", "{CD94F409-C3EA-4844-A0CE-1E5E49F42869}"
EndProject
Project("{FAE04EC0-301F-11D3-BF4B-00C04F79EFBC}") = "Exer06", "Exer06\Exer06.csproj", "{3D83713C-5923-4E2F-8E1B-67A0A75FBE0A}"
EndProject
Project("{FAE04EC0-301F-11D3-BF4B-00C04F79EFBC}") = "Exer07", "Exer07\Exer07.csproj", "{ECDBF99C-FC92-43AB-8397-47AC897F8C37}"
EndProject
Project("{FAE04EC0-301F-11D3-BF4B-00C04F79EFBC}") = "Exer08", "Exer08\Exer08.csproj", "{9F91D82C-63E5-4462-8CC7-1505093A6026}"
EndProject
Project("{FAE04EC0-301F-11D3-BF4B-00C04F79EFBC}") = "Exer09", "Exer09\Exer09.csproj", "{F0C8B2E6-31BC-4965-A4ED-3DB5E805ACB6}"
EndProject
Project("{FAE04EC0-301F-11D3-BF4B-00C04F79EFBC}") = "Exer10", "Exer10\Exer10.csproj", "{FA783AB0-8D09-4C83-A09C-534E29CAB02C}"
EndProject
Global
	GlobalSection(SolutionConfigurationPlatforms) = preSolution
		Debug|Any CPU = Debug|Any CPU
		Release|Any CPU = Release|Any CPU
	EndGlobalSection
	GlobalSection(ProjectConfigurationPlatforms) = postSolution
		{EDBD03E6-B94E-4706-9748-53D0BB6066B1}.Debug|Any CPU.ActiveCfg = Debug|Any CPU
		{EDBD03E6-B94E-4706-9748-53D0BB6066B1}.Debug|Any CPU.Build.0 = Debug|Any CPU
		{EDBD03E6-B94E-4706-9748-53D0BB6066B1}.Release|Any CPU.ActiveCfg = Release|Any CPU
		{EDBD03E6-B94E-4706-9748-53D0BB6066B1}.Release|Any CPU.Build.0 = Release|Any CPU
		{E7533EB5-5668-401E-AD84-7E0C2736D22F}.Debug|Any CPU.ActiveCfg = Debug|Any CPU
		{E7533EB5-5668-401E-AD84-7E0C2736D22F}.Debug|Any CPU.Build.0 = Debug|Any CPU
		{E7533EB5-5668-401E-AD84-7E0C2736D22F}.Release|Any CPU.ActiveCfg = Release|Any CPU
		{E7533EB5-5668-401E-AD84-7E0C2736D22F}.Release|Any CPU.Build.0 = Release|Any CPU
		{1D729D4D-8B36-4564-8C9D-5A1B16BC1BE2}.Debug|Any CPU.ActiveCfg = Debug|Any CPU
		{1D729D4D-8B36-4564-8C9D-5A1B16BC1BE2}.Debug|Any CPU.Build.0 = Debug|Any CPU
		{1D729D4D-8B36-4564-8C9D-5A1B16BC1BE2}.Release|Any CPU.ActiveCfg = Release|Any CPU
		{1D729D4D-8B36-4564-8C9D-5A1B16BC1BE2}.Release|Any CPU.Build.0 = Release|Any CPU
		{A4F65EC3-EC01-43D1-A2D3-A78B0B535BB9}.Debug|Any CPU.ActiveCfg = Debug|Any CPU
		{A4F65EC3-EC01-43D1-A2D3-A78B0B535BB9}.Debug|Any CPU.Build.0 = Debug|Any CPU
		{A4F65EC3-EC01-43D1-A2D3-A78B0B535BB9}.Release|Any CPU.ActiveCfg = Release|Any CPU
		{A4F65EC3-EC01-43D1-A2D3-A78B0B535BB9}.Release|Any CPU.Build.0 = Release|Any CPU
		{CD94F409-C3EA-4844-A0CE-1E5E49F42869}.Debug|Any CPU.ActiveCfg = Debug|Any CPU
		{CD94F409-C3EA-4844-A0CE-1E5E49F42869}.Debug|Any CPU.Build.0 = Debug|Any CPU
		{CD94F409-C3EA-4844-A0CE-1E5E49F42869}.Release|Any CPU.ActiveCfg = Release|Any CPU
		{CD94F409-C3EA-4844-A0CE-1E5E49F42869}.Release|Any CPU.Build.0 = Release|Any CPU
		{3D83713C-5923-4E2F-8E1B-67A0A75FBE0A}.Debug|Any CPU.ActiveCfg = Debug|Any CPU
		{3D83713C-5923-4E2F-8E1B-67A0A75FBE0A}.Debug|Any CPU.Build.0 = Debug|Any CPU
		{3D83713C-5923-4E2F-8E1B-67A0A75FBE0A}.Release|Any CPU.ActiveCfg = Release|Any CPU
		{3D83713C-5923-4E2F-8E1B-67A0A75FBE0A}.Release|Any CPU.Build.0 = Release|Any CPU
		{ECDBF99C-FC92-43AB-8397-47AC897F8C37}.Debug|Any CPU.ActiveCfg = Debug|Any CPU
		{ECDBF99C-FC92-43AB-8397-47AC897F8C37}.Debug|Any CPU.Build.0 = Debug|Any CPU
		{ECDBF99C-FC92-43AB-8397-47AC897F8C37}.Release|Any CPU.ActiveCfg = Release|Any CPU
		{ECDBF99C-FC92-43AB-8397-47AC897F8C37}.Release|Any CPU.Build.0 = Release|Any CPU
		{9F91D82C-63E5-4462-8CC7-1505093A6026}.Debug|Any CPU.ActiveCfg = Debug|Any CPU
		{9F91D82C-63E5-4462-8CC7-1505093A6026}.Debug|Any CPU.Build.0 = Debug|Any CPU
		{9F91D82C-63E5-4462-8CC7-1505093A6026}.Release|Any CPU.ActiveCfg = Release|Any CPU
		{9F91D82C-63E5-4462-8CC7-1505093A6026}.Release|Any CPU.Build.0 = Release|Any CPU
		{F0C8B2E6-31BC-4965-A4ED-3DB5E805ACB6}.Debug|Any CPU.ActiveCfg = Debug|Any CPU
		{F0C8B2E6-31BC-4965-A4ED-3DB5E805ACB6}.Debug|Any CPU.Build.0 = Debug|Any CPU
		{F0C8B2E6-31BC-4965-A4ED-3DB5E805ACB6}.Release|Any CPU.ActiveCfg = Release|Any CPU
		{F0C8B2E6-31BC-4965-A4ED-3DB5E805ACB6}.Release|Any CPU.Build.0 = Release|Any CPU
		{FA783AB0-8D09-4C83-A09C-534E29CAB02C}.Debug|Any CPU.ActiveCfg = Debug|Any CPU
		{FA783AB0-8D09-4C83-A09C-534E29CAB02C}.Debug|Any CPU.Build.0 = Debug|Any CPU
		{FA783AB0-8D09-4C83-A09C-534E29CAB02C}.Release|Any CPU.ActiveCfg = Release|Any CPU
		{FA783AB0-8D09-4C83-A09C-534E29CAB02C}.Release|Any CPU.Build.0 = Release|Any CPU
	EndGlobalSection
	GlobalSection(SolutionProperties) = preSolution
		HideSolutionNode = FALSE
	EndGlobalSection
	GlobalSection(ExtensibilityGlobals) = postSolution
		SolutionGuid = {A98094FC-DB7E-4F16-AD9C-398BCD54D258}
	EndGlobalSection
EndGlobal
