
Microsoft Visual Studio Solution File, Format Version 12.00
# Visual Studio Version 17
VisualStudioVersion = 17.7.34003.232
MinimumVisualStudioVersion = 10.0.40219.1
Project("{FAE04EC0-301F-11D3-BF4B-00C04F79EFBC}") = "RazorPagesFilmes", "RazorPagesFilmes\RazorPagesFilmes.csproj", "{A8559176-1D00-4EA9-BE78-2CBFAA464903}"
EndProject
Global
	GlobalSection(SolutionConfigurationPlatforms) = preSolution
		Debug|Any CPU = Debug|Any CPU
		Release|Any CPU = Release|Any CPU
	EndGlobalSection
	GlobalSection(ProjectConfigurationPlatforms) = postSolution
		{A8559176-1D00-4EA9-BE78-2CBFAA464903}.Debug|Any CPU.ActiveCfg = Debug|Any CPU
		{A8559176-1D00-4EA9-BE78-2CBFAA464903}.Debug|Any CPU.Build.0 = Debug|Any CPU
		{A8559176-1D00-4EA9-BE78-2CBFAA464903}.Release|Any CPU.ActiveCfg = Release|Any CPU
		{A8559176-1D00-4EA9-BE78-2CBFAA464903}.Release|Any CPU.Build.0 = Release|Any CPU
	EndGlobalSection
	GlobalSection(SolutionProperties) = preSolution
		HideSolutionNode = FALSE
	EndGlobalSection
	GlobalSection(ExtensibilityGlobals) = postSolution
		SolutionGuid = {E5BCBC97-0116-45E0-9CDC-B33F9A000BBD}
	EndGlobalSection
EndGlobal
