
Microsoft Visual Studio Solution File, Format Version 12.00
Project("{FAE04EC0-301F-11D3-BF4B-00C04F79EFBC}") = "Algoritimo", "Algoritimo\Algoritimo.csproj", "{7DBA1DF9-E5FF-4EAC-A5F0-C08A54BA344B}"
EndProject
Global
	GlobalSection(SolutionConfigurationPlatforms) = preSolution
		Debug|Any CPU = Debug|Any CPU
		Release|Any CPU = Release|Any CPU
	EndGlobalSection
	GlobalSection(ProjectConfigurationPlatforms) = postSolution
		{7DBA1DF9-E5FF-4EAC-A5F0-C08A54BA344B}.Debug|Any CPU.ActiveCfg = Debug|Any CPU
		{7DBA1DF9-E5FF-4EAC-A5F0-C08A54BA344B}.Debug|Any CPU.Build.0 = Debug|Any CPU
		{7DBA1DF9-E5FF-4EAC-A5F0-C08A54BA344B}.Release|Any CPU.ActiveCfg = Release|Any CPU
		{7DBA1DF9-E5FF-4EAC-A5F0-C08A54BA344B}.Release|Any CPU.Build.0 = Release|Any CPU
	EndGlobalSection
EndGlobal
