
Microsoft Visual Studio Solution File, Format Version 12.00
# Visual Studio Version 17
VisualStudioVersion = 17.6.33723.286
MinimumVisualStudioVersion = 10.0.40219.1
Project("{9A19103F-16F7-4668-BE54-9A1E7A4F7556}") = "Exer01", "Exer01\Exer01.csproj", "{E637619E-0E8F-4A7A-A1D3-AB1C510A1D12}"
EndProject
Project("{9A19103F-16F7-4668-BE54-9A1E7A4F7556}") = "Exer02", "Exer02\Exer02.csproj", "{A18A0C12-A0DD-480E-B143-089E41DE8BFB}"
EndProject
Project("{9A19103F-16F7-4668-BE54-9A1E7A4F7556}") = "Exer03", "Exer03\Exer03.csproj", "{5D69004B-EE17-479B-A06C-ABF0D6CE1F28}"
EndProject
Project("{9A19103F-16F7-4668-BE54-9A1E7A4F7556}") = "Exer04", "Exer04\Exer04.csproj", "{3C7A3201-61F8-4B7A-8645-7AB0628F2A54}"
EndProject
Project("{9A19103F-16F7-4668-BE54-9A1E7A4F7556}") = "Exer05", "Exer05\Exer05.csproj", "{8737AF0C-3FEE-40C1-B722-B64C3BED065D}"
EndProject
Project("{9A19103F-16F7-4668-BE54-9A1E7A4F7556}") = "Exer06", "Exer06\Exer06.csproj", "{CD462F93-8F4C-4DA3-B953-82A810E9C9D9}"
EndProject
Project("{9A19103F-16F7-4668-BE54-9A1E7A4F7556}") = "Exer07", "Exer07\Exer07.csproj", "{43DC64BB-82EF-4E36-BC98-953A0E8CBF76}"
EndProject
Project("{9A19103F-16F7-4668-BE54-9A1E7A4F7556}") = "Exer08", "Exer08\Exer08.csproj", "{17A325DD-D8E4-4F1E-B093-F36313E5FCA4}"
EndProject
Project("{9A19103F-16F7-4668-BE54-9A1E7A4F7556}") = "Exer09", "Exer09\Exer09.csproj", "{30351B48-6131-41CB-88C5-295F80A7AE6B}"
EndProject
Project("{9A19103F-16F7-4668-BE54-9A1E7A4F7556}") = "Exer10", "Exer10\Exer10.csproj", "{4EE83EDA-5A54-45E4-A02E-0E10636FEB9C}"
EndProject
Project("{FAE04EC0-301F-11D3-BF4B-00C04F79EFBC}") = "Exer11", "Exer11\Exer11.csproj", "{BD4FB6CD-FF26-458E-A4AB-91CE1A38C397}"
EndProject
Project("{FAE04EC0-301F-11D3-BF4B-00C04F79EFBC}") = "Exer12", "Exer12\Exer12.csproj", "{FE1CA0EA-6E2D-46FB-B875-B08483EE7C00}"
EndProject
Global
	GlobalSection(SolutionConfigurationPlatforms) = preSolution
		Debug|Any CPU = Debug|Any CPU
		Release|Any CPU = Release|Any CPU
	EndGlobalSection
	GlobalSection(ProjectConfigurationPlatforms) = postSolution
		{E637619E-0E8F-4A7A-A1D3-AB1C510A1D12}.Debug|Any CPU.ActiveCfg = Debug|Any CPU
		{E637619E-0E8F-4A7A-A1D3-AB1C510A1D12}.Debug|Any CPU.Build.0 = Debug|Any CPU
		{E637619E-0E8F-4A7A-A1D3-AB1C510A1D12}.Release|Any CPU.ActiveCfg = Release|Any CPU
		{E637619E-0E8F-4A7A-A1D3-AB1C510A1D12}.Release|Any CPU.Build.0 = Release|Any CPU
		{A18A0C12-A0DD-480E-B143-089E41DE8BFB}.Debug|Any CPU.ActiveCfg = Debug|Any CPU
		{A18A0C12-A0DD-480E-B143-089E41DE8BFB}.Debug|Any CPU.Build.0 = Debug|Any CPU
		{A18A0C12-A0DD-480E-B143-089E41DE8BFB}.Release|Any CPU.ActiveCfg = Release|Any CPU
		{A18A0C12-A0DD-480E-B143-089E41DE8BFB}.Release|Any CPU.Build.0 = Release|Any CPU
		{5D69004B-EE17-479B-A06C-ABF0D6CE1F28}.Debug|Any CPU.ActiveCfg = Debug|Any CPU
		{5D69004B-EE17-479B-A06C-ABF0D6CE1F28}.Debug|Any CPU.Build.0 = Debug|Any CPU
		{5D69004B-EE17-479B-A06C-ABF0D6CE1F28}.Release|Any CPU.ActiveCfg = Release|Any CPU
		{5D69004B-EE17-479B-A06C-ABF0D6CE1F28}.Release|Any CPU.Build.0 = Release|Any CPU
		{3C7A3201-61F8-4B7A-8645-7AB0628F2A54}.Debug|Any CPU.ActiveCfg = Debug|Any CPU
		{3C7A3201-61F8-4B7A-8645-7AB0628F2A54}.Debug|Any CPU.Build.0 = Debug|Any CPU
		{3C7A3201-61F8-4B7A-8645-7AB0628F2A54}.Release|Any CPU.ActiveCfg = Release|Any CPU
		{3C7A3201-61F8-4B7A-8645-7AB0628F2A54}.Release|Any CPU.Build.0 = Release|Any CPU
		{8737AF0C-3FEE-40C1-B722-B64C3BED065D}.Debug|Any CPU.ActiveCfg = Debug|Any CPU
		{8737AF0C-3FEE-40C1-B722-B64C3BED065D}.Debug|Any CPU.Build.0 = Debug|Any CPU
		{8737AF0C-3FEE-40C1-B722-B64C3BED065D}.Release|Any CPU.ActiveCfg = Release|Any CPU
		{8737AF0C-3FEE-40C1-B722-B64C3BED065D}.Release|Any CPU.Build.0 = Release|Any CPU
		{CD462F93-8F4C-4DA3-B953-82A810E9C9D9}.Debug|Any CPU.ActiveCfg = Debug|Any CPU
		{CD462F93-8F4C-4DA3-B953-82A810E9C9D9}.Debug|Any CPU.Build.0 = Debug|Any CPU
		{CD462F93-8F4C-4DA3-B953-82A810E9C9D9}.Release|Any CPU.ActiveCfg = Release|Any CPU
		{CD462F93-8F4C-4DA3-B953-82A810E9C9D9}.Release|Any CPU.Build.0 = Release|Any CPU
		{43DC64BB-82EF-4E36-BC98-953A0E8CBF76}.Debug|Any CPU.ActiveCfg = Debug|Any CPU
		{43DC64BB-82EF-4E36-BC98-953A0E8CBF76}.Debug|Any CPU.Build.0 = Debug|Any CPU
		{43DC64BB-82EF-4E36-BC98-953A0E8CBF76}.Release|Any CPU.ActiveCfg = Release|Any CPU
		{43DC64BB-82EF-4E36-BC98-953A0E8CBF76}.Release|Any CPU.Build.0 = Release|Any CPU
		{17A325DD-D8E4-4F1E-B093-F36313E5FCA4}.Debug|Any CPU.ActiveCfg = Debug|Any CPU
		{17A325DD-D8E4-4F1E-B093-F36313E5FCA4}.Debug|Any CPU.Build.0 = Debug|Any CPU
		{17A325DD-D8E4-4F1E-B093-F36313E5FCA4}.Release|Any CPU.ActiveCfg = Release|Any CPU
		{17A325DD-D8E4-4F1E-B093-F36313E5FCA4}.Release|Any CPU.Build.0 = Release|Any CPU
		{30351B48-6131-41CB-88C5-295F80A7AE6B}.Debug|Any CPU.ActiveCfg = Debug|Any CPU
		{30351B48-6131-41CB-88C5-295F80A7AE6B}.Debug|Any CPU.Build.0 = Debug|Any CPU
		{30351B48-6131-41CB-88C5-295F80A7AE6B}.Release|Any CPU.ActiveCfg = Release|Any CPU
		{30351B48-6131-41CB-88C5-295F80A7AE6B}.Release|Any CPU.Build.0 = Release|Any CPU
		{4EE83EDA-5A54-45E4-A02E-0E10636FEB9C}.Debug|Any CPU.ActiveCfg = Debug|Any CPU
		{4EE83EDA-5A54-45E4-A02E-0E10636FEB9C}.Debug|Any CPU.Build.0 = Debug|Any CPU
		{4EE83EDA-5A54-45E4-A02E-0E10636FEB9C}.Release|Any CPU.ActiveCfg = Release|Any CPU
		{4EE83EDA-5A54-45E4-A02E-0E10636FEB9C}.Release|Any CPU.Build.0 = Release|Any CPU
		{BD4FB6CD-FF26-458E-A4AB-91CE1A38C397}.Debug|Any CPU.ActiveCfg = Debug|Any CPU
		{BD4FB6CD-FF26-458E-A4AB-91CE1A38C397}.Debug|Any CPU.Build.0 = Debug|Any CPU
		{BD4FB6CD-FF26-458E-A4AB-91CE1A38C397}.Release|Any CPU.ActiveCfg = Release|Any CPU
		{BD4FB6CD-FF26-458E-A4AB-91CE1A38C397}.Release|Any CPU.Build.0 = Release|Any CPU
		{FE1CA0EA-6E2D-46FB-B875-B08483EE7C00}.Debug|Any CPU.ActiveCfg = Debug|Any CPU
		{FE1CA0EA-6E2D-46FB-B875-B08483EE7C00}.Debug|Any CPU.Build.0 = Debug|Any CPU
		{FE1CA0EA-6E2D-46FB-B875-B08483EE7C00}.Release|Any CPU.ActiveCfg = Release|Any CPU
		{FE1CA0EA-6E2D-46FB-B875-B08483EE7C00}.Release|Any CPU.Build.0 = Release|Any CPU
	EndGlobalSection
	GlobalSection(SolutionProperties) = preSolution
		HideSolutionNode = FALSE
	EndGlobalSection
	GlobalSection(ExtensibilityGlobals) = postSolution
		SolutionGuid = {F61E2D59-9501-4B4C-8488-64BEFFEF59CF}
	EndGlobalSection
EndGlobal
