
Microsoft Visual Studio Solution File, Format Version 12.00
Project("{FAE04EC0-301F-11D3-BF4B-00C04F79EFBC}") = "Exer01", "Exer01\Exer01.csproj", "{72F36F42-4553-4D9D-8DC4-C53047F81C64}"
EndProject
Project("{FAE04EC0-301F-11D3-BF4B-00C04F79EFBC}") = "Exer02", "Exer02\Exer02.csproj", "{1CE1E59E-A2EE-4D3E-923C-FFC53E95BF3B}"
EndProject
Project("{FAE04EC0-301F-11D3-BF4B-00C04F79EFBC}") = "Exer03", "Exer03\Exer03.csproj", "{C825674B-7A6F-44AA-90B5-48B620944509}"
EndProject
Project("{FAE04EC0-301F-11D3-BF4B-00C04F79EFBC}") = "Exer04", "Exer04\Exer04.csproj", "{581F94D5-29F9-4170-AE82-0264A4E79C2C}"
EndProject
Project("{FAE04EC0-301F-11D3-BF4B-00C04F79EFBC}") = "Exer05", "Exer05\Exer05.csproj", "{06780689-6A67-4785-ACD4-1F4631F9720B}"
EndProject
Project("{FAE04EC0-301F-11D3-BF4B-00C04F79EFBC}") = "Exer06", "Exer06\Exer06.csproj", "{28549238-C275-4504-923F-CC0A312BAFF6}"
EndProject
Project("{FAE04EC0-301F-11D3-BF4B-00C04F79EFBC}") = "Exer07", "Exer07\Exer07.csproj", "{E4E4D8B1-DE84-4833-B369-19BD2430CA8C}"
EndProject
Project("{FAE04EC0-301F-11D3-BF4B-00C04F79EFBC}") = "Exer08", "Exer08\Exer08.csproj", "{4012C485-0F61-43FB-A6DE-49436D6739FA}"
EndProject
Project("{FAE04EC0-301F-11D3-BF4B-00C04F79EFBC}") = "Exer09", "Exer09\Exer09.csproj", "{3D22E160-2217-4CE2-93DD-85D1880C5D57}"
EndProject
Project("{FAE04EC0-301F-11D3-BF4B-00C04F79EFBC}") = "Exer10", "Exer10\Exer10.csproj", "{8D4BA189-BC06-417B-AD52-88F58704DD57}"
EndProject
Project("{FAE04EC0-301F-11D3-BF4B-00C04F79EFBC}") = "Exer11", "Exer11\Exer11.csproj", "{68E5E501-3DF6-4E96-9A14-2D480917BDB8}"
EndProject
Project("{FAE04EC0-301F-11D3-BF4B-00C04F79EFBC}") = "Exer12", "Exer12\Exer12.csproj", "{A82EF49D-A1A9-4BD5-9E90-228BDAC8E361}"
EndProject
Project("{FAE04EC0-301F-11D3-BF4B-00C04F79EFBC}") = "Exer13", "Exer13\Exer13.csproj", "{5BF55BEE-4049-4EBB-BFC3-5ED44CCB4F39}"
EndProject
Project("{FAE04EC0-301F-11D3-BF4B-00C04F79EFBC}") = "Exer14", "Exer14\Exer14.csproj", "{EFBD9195-3662-45D7-ACB8-7526B4333CFA}"
EndProject
Project("{FAE04EC0-301F-11D3-BF4B-00C04F79EFBC}") = "Exer15", "Exer15\Exer15.csproj", "{7077ED1A-504F-4416-957D-01F5F5BFF65E}"
EndProject
Project("{FAE04EC0-301F-11D3-BF4B-00C04F79EFBC}") = "Exer16", "Exer16\Exer16.csproj", "{CDED88B1-4441-4CCF-A6FC-9B93B00C9381}"
EndProject
Project("{FAE04EC0-301F-11D3-BF4B-00C04F79EFBC}") = "Exer17", "Exer17\Exer17.csproj", "{276B2452-CE60-4507-B473-AFBB8D94DFE3}"
EndProject
Project("{FAE04EC0-301F-11D3-BF4B-00C04F79EFBC}") = "Exer18", "Exer18\Exer18.csproj", "{A2E0185C-4D38-43D4-A00E-B7B85D75AF93}"
EndProject
Project("{FAE04EC0-301F-11D3-BF4B-00C04F79EFBC}") = "Exer19", "Exer19\Exer19.csproj", "{15B33A57-4647-4E4B-81CF-8304EB7A7083}"
EndProject
Project("{FAE04EC0-301F-11D3-BF4B-00C04F79EFBC}") = "Exer20", "Exer20\Exer20.csproj", "{389EA0CC-0873-4E60-9C6A-59C6AA917FD4}"
EndProject
Project("{FAE04EC0-301F-11D3-BF4B-00C04F79EFBC}") = "Exer21", "Exer21\Exer21.csproj", "{8476809F-7743-4114-B96F-4B5F2DC75441}"
EndProject
Project("{FAE04EC0-301F-11D3-BF4B-00C04F79EFBC}") = "Exer22", "Exer22\Exer22.csproj", "{24414C77-0488-4810-A7CA-0BE72ABD5A27}"
EndProject
Project("{FAE04EC0-301F-11D3-BF4B-00C04F79EFBC}") = "Exer23", "Exer23\Exer23.csproj", "{58E6D3EF-DF29-4B4B-AB3C-099730E858B2}"
EndProject
Project("{FAE04EC0-301F-11D3-BF4B-00C04F79EFBC}") = "Exer24", "Exer24\Exer24.csproj", "{F102C1C8-87C6-4A28-AF45-C470C210FE47}"
EndProject
Project("{FAE04EC0-301F-11D3-BF4B-00C04F79EFBC}") = "Exer25", "Exer25\Exer25.csproj", "{01930D2F-BA8B-44E0-BDD8-1D60FC95EEC4}"
EndProject
Project("{FAE04EC0-301F-11D3-BF4B-00C04F79EFBC}") = "Exer26", "Exer26\Exer26.csproj", "{F5E5981B-9CBF-41E9-9839-DE3855D6B596}"
EndProject
Project("{FAE04EC0-301F-11D3-BF4B-00C04F79EFBC}") = "Exer27", "Exer27\Exer27.csproj", "{50C0D533-4602-4715-B327-8CFD02422FB6}"
EndProject
Project("{FAE04EC0-301F-11D3-BF4B-00C04F79EFBC}") = "Exer28", "Exer28\Exer28.csproj", "{164D049E-1D4A-4BE8-A138-4A2651649965}"
EndProject
Project("{FAE04EC0-301F-11D3-BF4B-00C04F79EFBC}") = "Exer29", "Exer29\Exer29.csproj", "{8AB78C79-6C03-4B77-B221-3C68E10DCCA7}"
EndProject
Project("{FAE04EC0-301F-11D3-BF4B-00C04F79EFBC}") = "Exer30", "Exer30\Exer30.csproj", "{DAC245AB-D02B-40A3-8CAF-B148E73FCE10}"
EndProject
Global
	GlobalSection(SolutionConfigurationPlatforms) = preSolution
		Debug|Any CPU = Debug|Any CPU
		Release|Any CPU = Release|Any CPU
	EndGlobalSection
	GlobalSection(ProjectConfigurationPlatforms) = postSolution
		{72F36F42-4553-4D9D-8DC4-C53047F81C64}.Debug|Any CPU.ActiveCfg = Debug|Any CPU
		{72F36F42-4553-4D9D-8DC4-C53047F81C64}.Debug|Any CPU.Build.0 = Debug|Any CPU
		{72F36F42-4553-4D9D-8DC4-C53047F81C64}.Release|Any CPU.ActiveCfg = Release|Any CPU
		{72F36F42-4553-4D9D-8DC4-C53047F81C64}.Release|Any CPU.Build.0 = Release|Any CPU
		{1CE1E59E-A2EE-4D3E-923C-FFC53E95BF3B}.Debug|Any CPU.ActiveCfg = Debug|Any CPU
		{1CE1E59E-A2EE-4D3E-923C-FFC53E95BF3B}.Debug|Any CPU.Build.0 = Debug|Any CPU
		{1CE1E59E-A2EE-4D3E-923C-FFC53E95BF3B}.Release|Any CPU.ActiveCfg = Release|Any CPU
		{1CE1E59E-A2EE-4D3E-923C-FFC53E95BF3B}.Release|Any CPU.Build.0 = Release|Any CPU
		{C825674B-7A6F-44AA-90B5-48B620944509}.Debug|Any CPU.ActiveCfg = Debug|Any CPU
		{C825674B-7A6F-44AA-90B5-48B620944509}.Debug|Any CPU.Build.0 = Debug|Any CPU
		{C825674B-7A6F-44AA-90B5-48B620944509}.Release|Any CPU.ActiveCfg = Release|Any CPU
		{C825674B-7A6F-44AA-90B5-48B620944509}.Release|Any CPU.Build.0 = Release|Any CPU
		{581F94D5-29F9-4170-AE82-0264A4E79C2C}.Debug|Any CPU.ActiveCfg = Debug|Any CPU
		{581F94D5-29F9-4170-AE82-0264A4E79C2C}.Debug|Any CPU.Build.0 = Debug|Any CPU
		{581F94D5-29F9-4170-AE82-0264A4E79C2C}.Release|Any CPU.ActiveCfg = Release|Any CPU
		{581F94D5-29F9-4170-AE82-0264A4E79C2C}.Release|Any CPU.Build.0 = Release|Any CPU
		{06780689-6A67-4785-ACD4-1F4631F9720B}.Debug|Any CPU.ActiveCfg = Debug|Any CPU
		{06780689-6A67-4785-ACD4-1F4631F9720B}.Debug|Any CPU.Build.0 = Debug|Any CPU
		{06780689-6A67-4785-ACD4-1F4631F9720B}.Release|Any CPU.ActiveCfg = Release|Any CPU
		{06780689-6A67-4785-ACD4-1F4631F9720B}.Release|Any CPU.Build.0 = Release|Any CPU
		{28549238-C275-4504-923F-CC0A312BAFF6}.Debug|Any CPU.ActiveCfg = Debug|Any CPU
		{28549238-C275-4504-923F-CC0A312BAFF6}.Debug|Any CPU.Build.0 = Debug|Any CPU
		{28549238-C275-4504-923F-CC0A312BAFF6}.Release|Any CPU.ActiveCfg = Release|Any CPU
		{28549238-C275-4504-923F-CC0A312BAFF6}.Release|Any CPU.Build.0 = Release|Any CPU
		{E4E4D8B1-DE84-4833-B369-19BD2430CA8C}.Debug|Any CPU.ActiveCfg = Debug|Any CPU
		{E4E4D8B1-DE84-4833-B369-19BD2430CA8C}.Debug|Any CPU.Build.0 = Debug|Any CPU
		{E4E4D8B1-DE84-4833-B369-19BD2430CA8C}.Release|Any CPU.ActiveCfg = Release|Any CPU
		{E4E4D8B1-DE84-4833-B369-19BD2430CA8C}.Release|Any CPU.Build.0 = Release|Any CPU
		{4012C485-0F61-43FB-A6DE-49436D6739FA}.Debug|Any CPU.ActiveCfg = Debug|Any CPU
		{4012C485-0F61-43FB-A6DE-49436D6739FA}.Debug|Any CPU.Build.0 = Debug|Any CPU
		{4012C485-0F61-43FB-A6DE-49436D6739FA}.Release|Any CPU.ActiveCfg = Release|Any CPU
		{4012C485-0F61-43FB-A6DE-49436D6739FA}.Release|Any CPU.Build.0 = Release|Any CPU
		{3D22E160-2217-4CE2-93DD-85D1880C5D57}.Debug|Any CPU.ActiveCfg = Debug|Any CPU
		{3D22E160-2217-4CE2-93DD-85D1880C5D57}.Debug|Any CPU.Build.0 = Debug|Any CPU
		{3D22E160-2217-4CE2-93DD-85D1880C5D57}.Release|Any CPU.ActiveCfg = Release|Any CPU
		{3D22E160-2217-4CE2-93DD-85D1880C5D57}.Release|Any CPU.Build.0 = Release|Any CPU
		{8D4BA189-BC06-417B-AD52-88F58704DD57}.Debug|Any CPU.ActiveCfg = Debug|Any CPU
		{8D4BA189-BC06-417B-AD52-88F58704DD57}.Debug|Any CPU.Build.0 = Debug|Any CPU
		{8D4BA189-BC06-417B-AD52-88F58704DD57}.Release|Any CPU.ActiveCfg = Release|Any CPU
		{8D4BA189-BC06-417B-AD52-88F58704DD57}.Release|Any CPU.Build.0 = Release|Any CPU
		{68E5E501-3DF6-4E96-9A14-2D480917BDB8}.Debug|Any CPU.ActiveCfg = Debug|Any CPU
		{68E5E501-3DF6-4E96-9A14-2D480917BDB8}.Debug|Any CPU.Build.0 = Debug|Any CPU
		{68E5E501-3DF6-4E96-9A14-2D480917BDB8}.Release|Any CPU.ActiveCfg = Release|Any CPU
		{68E5E501-3DF6-4E96-9A14-2D480917BDB8}.Release|Any CPU.Build.0 = Release|Any CPU
		{A82EF49D-A1A9-4BD5-9E90-228BDAC8E361}.Debug|Any CPU.ActiveCfg = Debug|Any CPU
		{A82EF49D-A1A9-4BD5-9E90-228BDAC8E361}.Debug|Any CPU.Build.0 = Debug|Any CPU
		{A82EF49D-A1A9-4BD5-9E90-228BDAC8E361}.Release|Any CPU.ActiveCfg = Release|Any CPU
		{A82EF49D-A1A9-4BD5-9E90-228BDAC8E361}.Release|Any CPU.Build.0 = Release|Any CPU
		{5BF55BEE-4049-4EBB-BFC3-5ED44CCB4F39}.Debug|Any CPU.ActiveCfg = Debug|Any CPU
		{5BF55BEE-4049-4EBB-BFC3-5ED44CCB4F39}.Debug|Any CPU.Build.0 = Debug|Any CPU
		{5BF55BEE-4049-4EBB-BFC3-5ED44CCB4F39}.Release|Any CPU.ActiveCfg = Release|Any CPU
		{5BF55BEE-4049-4EBB-BFC3-5ED44CCB4F39}.Release|Any CPU.Build.0 = Release|Any CPU
		{EFBD9195-3662-45D7-ACB8-7526B4333CFA}.Debug|Any CPU.ActiveCfg = Debug|Any CPU
		{EFBD9195-3662-45D7-ACB8-7526B4333CFA}.Debug|Any CPU.Build.0 = Debug|Any CPU
		{EFBD9195-3662-45D7-ACB8-7526B4333CFA}.Release|Any CPU.ActiveCfg = Release|Any CPU
		{EFBD9195-3662-45D7-ACB8-7526B4333CFA}.Release|Any CPU.Build.0 = Release|Any CPU
		{7077ED1A-504F-4416-957D-01F5F5BFF65E}.Debug|Any CPU.ActiveCfg = Debug|Any CPU
		{7077ED1A-504F-4416-957D-01F5F5BFF65E}.Debug|Any CPU.Build.0 = Debug|Any CPU
		{7077ED1A-504F-4416-957D-01F5F5BFF65E}.Release|Any CPU.ActiveCfg = Release|Any CPU
		{7077ED1A-504F-4416-957D-01F5F5BFF65E}.Release|Any CPU.Build.0 = Release|Any CPU
		{CDED88B1-4441-4CCF-A6FC-9B93B00C9381}.Debug|Any CPU.ActiveCfg = Debug|Any CPU
		{CDED88B1-4441-4CCF-A6FC-9B93B00C9381}.Debug|Any CPU.Build.0 = Debug|Any CPU
		{CDED88B1-4441-4CCF-A6FC-9B93B00C9381}.Release|Any CPU.ActiveCfg = Release|Any CPU
		{CDED88B1-4441-4CCF-A6FC-9B93B00C9381}.Release|Any CPU.Build.0 = Release|Any CPU
		{276B2452-CE60-4507-B473-AFBB8D94DFE3}.Debug|Any CPU.ActiveCfg = Debug|Any CPU
		{276B2452-CE60-4507-B473-AFBB8D94DFE3}.Debug|Any CPU.Build.0 = Debug|Any CPU
		{276B2452-CE60-4507-B473-AFBB8D94DFE3}.Release|Any CPU.ActiveCfg = Release|Any CPU
		{276B2452-CE60-4507-B473-AFBB8D94DFE3}.Release|Any CPU.Build.0 = Release|Any CPU
		{A2E0185C-4D38-43D4-A00E-B7B85D75AF93}.Debug|Any CPU.ActiveCfg = Debug|Any CPU
		{A2E0185C-4D38-43D4-A00E-B7B85D75AF93}.Debug|Any CPU.Build.0 = Debug|Any CPU
		{A2E0185C-4D38-43D4-A00E-B7B85D75AF93}.Release|Any CPU.ActiveCfg = Release|Any CPU
		{A2E0185C-4D38-43D4-A00E-B7B85D75AF93}.Release|Any CPU.Build.0 = Release|Any CPU
		{15B33A57-4647-4E4B-81CF-8304EB7A7083}.Debug|Any CPU.ActiveCfg = Debug|Any CPU
		{15B33A57-4647-4E4B-81CF-8304EB7A7083}.Debug|Any CPU.Build.0 = Debug|Any CPU
		{15B33A57-4647-4E4B-81CF-8304EB7A7083}.Release|Any CPU.ActiveCfg = Release|Any CPU
		{15B33A57-4647-4E4B-81CF-8304EB7A7083}.Release|Any CPU.Build.0 = Release|Any CPU
		{389EA0CC-0873-4E60-9C6A-59C6AA917FD4}.Debug|Any CPU.ActiveCfg = Debug|Any CPU
		{389EA0CC-0873-4E60-9C6A-59C6AA917FD4}.Debug|Any CPU.Build.0 = Debug|Any CPU
		{389EA0CC-0873-4E60-9C6A-59C6AA917FD4}.Release|Any CPU.ActiveCfg = Release|Any CPU
		{389EA0CC-0873-4E60-9C6A-59C6AA917FD4}.Release|Any CPU.Build.0 = Release|Any CPU
		{8476809F-7743-4114-B96F-4B5F2DC75441}.Debug|Any CPU.ActiveCfg = Debug|Any CPU
		{8476809F-7743-4114-B96F-4B5F2DC75441}.Debug|Any CPU.Build.0 = Debug|Any CPU
		{8476809F-7743-4114-B96F-4B5F2DC75441}.Release|Any CPU.ActiveCfg = Release|Any CPU
		{8476809F-7743-4114-B96F-4B5F2DC75441}.Release|Any CPU.Build.0 = Release|Any CPU
		{24414C77-0488-4810-A7CA-0BE72ABD5A27}.Debug|Any CPU.ActiveCfg = Debug|Any CPU
		{24414C77-0488-4810-A7CA-0BE72ABD5A27}.Debug|Any CPU.Build.0 = Debug|Any CPU
		{24414C77-0488-4810-A7CA-0BE72ABD5A27}.Release|Any CPU.ActiveCfg = Release|Any CPU
		{24414C77-0488-4810-A7CA-0BE72ABD5A27}.Release|Any CPU.Build.0 = Release|Any CPU
		{58E6D3EF-DF29-4B4B-AB3C-099730E858B2}.Debug|Any CPU.ActiveCfg = Debug|Any CPU
		{58E6D3EF-DF29-4B4B-AB3C-099730E858B2}.Debug|Any CPU.Build.0 = Debug|Any CPU
		{58E6D3EF-DF29-4B4B-AB3C-099730E858B2}.Release|Any CPU.ActiveCfg = Release|Any CPU
		{58E6D3EF-DF29-4B4B-AB3C-099730E858B2}.Release|Any CPU.Build.0 = Release|Any CPU
		{F102C1C8-87C6-4A28-AF45-C470C210FE47}.Debug|Any CPU.ActiveCfg = Debug|Any CPU
		{F102C1C8-87C6-4A28-AF45-C470C210FE47}.Debug|Any CPU.Build.0 = Debug|Any CPU
		{F102C1C8-87C6-4A28-AF45-C470C210FE47}.Release|Any CPU.ActiveCfg = Release|Any CPU
		{F102C1C8-87C6-4A28-AF45-C470C210FE47}.Release|Any CPU.Build.0 = Release|Any CPU
		{01930D2F-BA8B-44E0-BDD8-1D60FC95EEC4}.Debug|Any CPU.ActiveCfg = Debug|Any CPU
		{01930D2F-BA8B-44E0-BDD8-1D60FC95EEC4}.Debug|Any CPU.Build.0 = Debug|Any CPU
		{01930D2F-BA8B-44E0-BDD8-1D60FC95EEC4}.Release|Any CPU.ActiveCfg = Release|Any CPU
		{01930D2F-BA8B-44E0-BDD8-1D60FC95EEC4}.Release|Any CPU.Build.0 = Release|Any CPU
		{F5E5981B-9CBF-41E9-9839-DE3855D6B596}.Debug|Any CPU.ActiveCfg = Debug|Any CPU
		{F5E5981B-9CBF-41E9-9839-DE3855D6B596}.Debug|Any CPU.Build.0 = Debug|Any CPU
		{F5E5981B-9CBF-41E9-9839-DE3855D6B596}.Release|Any CPU.ActiveCfg = Release|Any CPU
		{F5E5981B-9CBF-41E9-9839-DE3855D6B596}.Release|Any CPU.Build.0 = Release|Any CPU
		{50C0D533-4602-4715-B327-8CFD02422FB6}.Debug|Any CPU.ActiveCfg = Debug|Any CPU
		{50C0D533-4602-4715-B327-8CFD02422FB6}.Debug|Any CPU.Build.0 = Debug|Any CPU
		{50C0D533-4602-4715-B327-8CFD02422FB6}.Release|Any CPU.ActiveCfg = Release|Any CPU
		{50C0D533-4602-4715-B327-8CFD02422FB6}.Release|Any CPU.Build.0 = Release|Any CPU
		{164D049E-1D4A-4BE8-A138-4A2651649965}.Debug|Any CPU.ActiveCfg = Debug|Any CPU
		{164D049E-1D4A-4BE8-A138-4A2651649965}.Debug|Any CPU.Build.0 = Debug|Any CPU
		{164D049E-1D4A-4BE8-A138-4A2651649965}.Release|Any CPU.ActiveCfg = Release|Any CPU
		{164D049E-1D4A-4BE8-A138-4A2651649965}.Release|Any CPU.Build.0 = Release|Any CPU
		{8AB78C79-6C03-4B77-B221-3C68E10DCCA7}.Debug|Any CPU.ActiveCfg = Debug|Any CPU
		{8AB78C79-6C03-4B77-B221-3C68E10DCCA7}.Debug|Any CPU.Build.0 = Debug|Any CPU
		{8AB78C79-6C03-4B77-B221-3C68E10DCCA7}.Release|Any CPU.ActiveCfg = Release|Any CPU
		{8AB78C79-6C03-4B77-B221-3C68E10DCCA7}.Release|Any CPU.Build.0 = Release|Any CPU
		{DAC245AB-D02B-40A3-8CAF-B148E73FCE10}.Debug|Any CPU.ActiveCfg = Debug|Any CPU
		{DAC245AB-D02B-40A3-8CAF-B148E73FCE10}.Debug|Any CPU.Build.0 = Debug|Any CPU
		{DAC245AB-D02B-40A3-8CAF-B148E73FCE10}.Release|Any CPU.ActiveCfg = Release|Any CPU
		{DAC245AB-D02B-40A3-8CAF-B148E73FCE10}.Release|Any CPU.Build.0 = Release|Any CPU
	EndGlobalSection
EndGlobal
