
Microsoft Visual Studio Solution File, Format Version 12.00
Project("{FAE04EC0-301F-11D3-BF4B-00C04F79EFBC}") = "Exer01", "Exer01\Exer01.csproj", "{72F36F42-4553-4D9D-8DC4-C53047F81C64}"
EndProject
Project("{FAE04EC0-301F-11D3-BF4B-00C04F79EFBC}") = "Exer02", "Exer02\Exer02.csproj", "{1CE1E59E-A2EE-4D3E-923C-FFC53E95BF3B}"
EndProject
Project("{FAE04EC0-301F-11D3-BF4B-00C04F79EFBC}") = "Exer03", "Exer03\Exer03.csproj", "{C825674B-7A6F-44AA-90B5-48B620944509}"
EndProject
Project("{FAE04EC0-301F-11D3-BF4B-00C04F79EFBC}") = "Exer04", "Exer04\Exer04.csproj", "{581F94D5-29F9-4170-AE82-0264A4E79C2C}"
EndProject
Project("{FAE04EC0-301F-11D3-BF4B-00C04F79EFBC}") = "Exer05", "Exer05\Exer05.csproj", "{06780689-6A67-4785-ACD4-1F4631F9720B}"
EndProject
Project("{FAE04EC0-301F-11D3-BF4B-00C04F79EFBC}") = "Exer06", "Exer06\Exer06.csproj", "{28549238-C275-4504-923F-CC0A312BAFF6}"
EndProject
Project("{FAE04EC0-301F-11D3-BF4B-00C04F79EFBC}") = "Exer07", "Exer07\Exer07.csproj", "{E4E4D8B1-DE84-4833-B369-19BD2430CA8C}"
EndProject
Project("{FAE04EC0-301F-11D3-BF4B-00C04F79EFBC}") = "Exer08", "Exer08\Exer08.csproj", "{4012C485-0F61-43FB-A6DE-49436D6739FA}"
EndProject
Project("{FAE04EC0-301F-11D3-BF4B-00C04F79EFBC}") = "Exer09", "Exer09\Exer09.csproj", "{3D22E160-2217-4CE2-93DD-85D1880C5D57}"
EndProject
Project("{FAE04EC0-301F-11D3-BF4B-00C04F79EFBC}") = "Exer10", "Exer10\Exer10.csproj", "{8D4BA189-BC06-417B-AD52-88F58704DD57}"
EndProject
Global
	GlobalSection(SolutionConfigurationPlatforms) = preSolution
		Debug|Any CPU = Debug|Any CPU
		Release|Any CPU = Release|Any CPU
	EndGlobalSection
	GlobalSection(ProjectConfigurationPlatforms) = postSolution
		{72F36F42-4553-4D9D-8DC4-C53047F81C64}.Debug|Any CPU.ActiveCfg = Debug|Any CPU
		{72F36F42-4553-4D9D-8DC4-C53047F81C64}.Debug|Any CPU.Build.0 = Debug|Any CPU
		{72F36F42-4553-4D9D-8DC4-C53047F81C64}.Release|Any CPU.ActiveCfg = Release|Any CPU
		{72F36F42-4553-4D9D-8DC4-C53047F81C64}.Release|Any CPU.Build.0 = Release|Any CPU
		{1CE1E59E-A2EE-4D3E-923C-FFC53E95BF3B}.Debug|Any CPU.ActiveCfg = Debug|Any CPU
		{1CE1E59E-A2EE-4D3E-923C-FFC53E95BF3B}.Debug|Any CPU.Build.0 = Debug|Any CPU
		{1CE1E59E-A2EE-4D3E-923C-FFC53E95BF3B}.Release|Any CPU.ActiveCfg = Release|Any CPU
		{1CE1E59E-A2EE-4D3E-923C-FFC53E95BF3B}.Release|Any CPU.Build.0 = Release|Any CPU
		{C825674B-7A6F-44AA-90B5-48B620944509}.Debug|Any CPU.ActiveCfg = Debug|Any CPU
		{C825674B-7A6F-44AA-90B5-48B620944509}.Debug|Any CPU.Build.0 = Debug|Any CPU
		{C825674B-7A6F-44AA-90B5-48B620944509}.Release|Any CPU.ActiveCfg = Release|Any CPU
		{C825674B-7A6F-44AA-90B5-48B620944509}.Release|Any CPU.Build.0 = Release|Any CPU
		{581F94D5-29F9-4170-AE82-0264A4E79C2C}.Debug|Any CPU.ActiveCfg = Debug|Any CPU
		{581F94D5-29F9-4170-AE82-0264A4E79C2C}.Debug|Any CPU.Build.0 = Debug|Any CPU
		{581F94D5-29F9-4170-AE82-0264A4E79C2C}.Release|Any CPU.ActiveCfg = Release|Any CPU
		{581F94D5-29F9-4170-AE82-0264A4E79C2C}.Release|Any CPU.Build.0 = Release|Any CPU
		{06780689-6A67-4785-ACD4-1F4631F9720B}.Debug|Any CPU.ActiveCfg = Debug|Any CPU
		{06780689-6A67-4785-ACD4-1F4631F9720B}.Debug|Any CPU.Build.0 = Debug|Any CPU
		{06780689-6A67-4785-ACD4-1F4631F9720B}.Release|Any CPU.ActiveCfg = Release|Any CPU
		{06780689-6A67-4785-ACD4-1F4631F9720B}.Release|Any CPU.Build.0 = Release|Any CPU
		{28549238-C275-4504-923F-CC0A312BAFF6}.Debug|Any CPU.ActiveCfg = Debug|Any CPU
		{28549238-C275-4504-923F-CC0A312BAFF6}.Debug|Any CPU.Build.0 = Debug|Any CPU
		{28549238-C275-4504-923F-CC0A312BAFF6}.Release|Any CPU.ActiveCfg = Release|Any CPU
		{28549238-C275-4504-923F-CC0A312BAFF6}.Release|Any CPU.Build.0 = Release|Any CPU
		{E4E4D8B1-DE84-4833-B369-19BD2430CA8C}.Debug|Any CPU.ActiveCfg = Debug|Any CPU
		{E4E4D8B1-DE84-4833-B369-19BD2430CA8C}.Debug|Any CPU.Build.0 = Debug|Any CPU
		{E4E4D8B1-DE84-4833-B369-19BD2430CA8C}.Release|Any CPU.ActiveCfg = Release|Any CPU
		{E4E4D8B1-DE84-4833-B369-19BD2430CA8C}.Release|Any CPU.Build.0 = Release|Any CPU
		{4012C485-0F61-43FB-A6DE-49436D6739FA}.Debug|Any CPU.ActiveCfg = Debug|Any CPU
		{4012C485-0F61-43FB-A6DE-49436D6739FA}.Debug|Any CPU.Build.0 = Debug|Any CPU
		{4012C485-0F61-43FB-A6DE-49436D6739FA}.Release|Any CPU.ActiveCfg = Release|Any CPU
		{4012C485-0F61-43FB-A6DE-49436D6739FA}.Release|Any CPU.Build.0 = Release|Any CPU
		{3D22E160-2217-4CE2-93DD-85D1880C5D57}.Debug|Any CPU.ActiveCfg = Debug|Any CPU
		{3D22E160-2217-4CE2-93DD-85D1880C5D57}.Debug|Any CPU.Build.0 = Debug|Any CPU
		{3D22E160-2217-4CE2-93DD-85D1880C5D57}.Release|Any CPU.ActiveCfg = Release|Any CPU
		{3D22E160-2217-4CE2-93DD-85D1880C5D57}.Release|Any CPU.Build.0 = Release|Any CPU
		{8D4BA189-BC06-417B-AD52-88F58704DD57}.Debug|Any CPU.ActiveCfg = Debug|Any CPU
		{8D4BA189-BC06-417B-AD52-88F58704DD57}.Debug|Any CPU.Build.0 = Debug|Any CPU
		{8D4BA189-BC06-417B-AD52-88F58704DD57}.Release|Any CPU.ActiveCfg = Release|Any CPU
		{8D4BA189-BC06-417B-AD52-88F58704DD57}.Release|Any CPU.Build.0 = Release|Any CPU
	EndGlobalSection
EndGlobal
