
Microsoft Visual Studio Solution File, Format Version 12.00
# Visual Studio Version 17
VisualStudioVersion = 17.6.33723.286
MinimumVisualStudioVersion = 10.0.40219.1
Project("{9A19103F-16F7-4668-BE54-9A1E7A4F7556}") = "Redimensionador", "Redimencionador\Redimensionador.csproj", "{BB0DECF3-BC19-4908-B5AA-91D2FA07B633}"
EndProject
Global
	GlobalSection(SolutionConfigurationPlatforms) = preSolution
		Debug|Any CPU = Debug|Any CPU
		Release|Any CPU = Release|Any CPU
	EndGlobalSection
	GlobalSection(ProjectConfigurationPlatforms) = postSolution
		{BB0DECF3-BC19-4908-B5AA-91D2FA07B633}.Debug|Any CPU.ActiveCfg = Debug|Any CPU
		{BB0DECF3-BC19-4908-B5AA-91D2FA07B633}.Debug|Any CPU.Build.0 = Debug|Any CPU
		{BB0DECF3-BC19-4908-B5AA-91D2FA07B633}.Release|Any CPU.ActiveCfg = Release|Any CPU
		{BB0DECF3-BC19-4908-B5AA-91D2FA07B633}.Release|Any CPU.Build.0 = Release|Any CPU
	EndGlobalSection
	GlobalSection(SolutionProperties) = preSolution
		HideSolutionNode = FALSE
	EndGlobalSection
EndGlobal
