
Microsoft Visual Studio Solution File, Format Version 12.00
Project("{FAE04EC0-301F-11D3-BF4B-00C04F79EFBC}") = "Exer01", "Exer01\Exer01.csproj", "{7DBA1DF9-E5FF-4EAC-A5F0-C08A54BA344B}"
EndProject
Project("{FAE04EC0-301F-11D3-BF4B-00C04F79EFBC}") = "Exer02", "Exer02\Exer02.csproj", "{D268E4F3-7ACC-45B8-B21A-6DD7B796F413}"
EndProject
Project("{FAE04EC0-301F-11D3-BF4B-00C04F79EFBC}") = "Exer03", "Exer03\Exer03.csproj", "{1DCF67AE-EFFD-46E5-88BE-09D369F0626B}"
EndProject
Project("{FAE04EC0-301F-11D3-BF4B-00C04F79EFBC}") = "Exer04", "Exer04\Exer04.csproj", "{3EC1E5E9-8FA0-403A-9A76-1244FAEDD9DB}"
EndProject
Project("{FAE04EC0-301F-11D3-BF4B-00C04F79EFBC}") = "Exer05", "Exer05\Exer05.csproj", "{64B37248-5D2B-499E-A0D6-E737E822A6AF}"
EndProject
Project("{FAE04EC0-301F-11D3-BF4B-00C04F79EFBC}") = "Exer06", "Exer06\Exer06.csproj", "{1282A0BA-B1BA-47F2-9B89-72E22696ECD6}"
EndProject
Project("{FAE04EC0-301F-11D3-BF4B-00C04F79EFBC}") = "Exer07", "Exer07\Exer07.csproj", "{9A016F6C-BD9A-429A-8034-94C6E674EFC3}"
EndProject
Project("{FAE04EC0-301F-11D3-BF4B-00C04F79EFBC}") = "Exer08", "Exer08\Exer08.csproj", "{4A5C5833-EF84-428A-B260-CCEF3376E1A3}"
EndProject
Project("{FAE04EC0-301F-11D3-BF4B-00C04F79EFBC}") = "Exer09", "Exer09\Exer09.csproj", "{4E2469EF-F1FC-48FD-8B4F-C2E582FE0300}"
EndProject
Project("{FAE04EC0-301F-11D3-BF4B-00C04F79EFBC}") = "Exer10", "Exer10\Exer10.csproj", "{478AF459-C689-4E9A-A579-2838B9BBEE1D}"
EndProject
Global
	GlobalSection(SolutionConfigurationPlatforms) = preSolution
		Debug|Any CPU = Debug|Any CPU
		Release|Any CPU = Release|Any CPU
	EndGlobalSection
	GlobalSection(ProjectConfigurationPlatforms) = postSolution
		{7DBA1DF9-E5FF-4EAC-A5F0-C08A54BA344B}.Debug|Any CPU.ActiveCfg = Debug|Any CPU
		{7DBA1DF9-E5FF-4EAC-A5F0-C08A54BA344B}.Debug|Any CPU.Build.0 = Debug|Any CPU
		{7DBA1DF9-E5FF-4EAC-A5F0-C08A54BA344B}.Release|Any CPU.ActiveCfg = Release|Any CPU
		{7DBA1DF9-E5FF-4EAC-A5F0-C08A54BA344B}.Release|Any CPU.Build.0 = Release|Any CPU
		{D268E4F3-7ACC-45B8-B21A-6DD7B796F413}.Debug|Any CPU.ActiveCfg = Debug|Any CPU
		{D268E4F3-7ACC-45B8-B21A-6DD7B796F413}.Debug|Any CPU.Build.0 = Debug|Any CPU
		{D268E4F3-7ACC-45B8-B21A-6DD7B796F413}.Release|Any CPU.ActiveCfg = Release|Any CPU
		{D268E4F3-7ACC-45B8-B21A-6DD7B796F413}.Release|Any CPU.Build.0 = Release|Any CPU
		{1DCF67AE-EFFD-46E5-88BE-09D369F0626B}.Debug|Any CPU.ActiveCfg = Debug|Any CPU
		{1DCF67AE-EFFD-46E5-88BE-09D369F0626B}.Debug|Any CPU.Build.0 = Debug|Any CPU
		{1DCF67AE-EFFD-46E5-88BE-09D369F0626B}.Release|Any CPU.ActiveCfg = Release|Any CPU
		{1DCF67AE-EFFD-46E5-88BE-09D369F0626B}.Release|Any CPU.Build.0 = Release|Any CPU
		{3EC1E5E9-8FA0-403A-9A76-1244FAEDD9DB}.Debug|Any CPU.ActiveCfg = Debug|Any CPU
		{3EC1E5E9-8FA0-403A-9A76-1244FAEDD9DB}.Debug|Any CPU.Build.0 = Debug|Any CPU
		{3EC1E5E9-8FA0-403A-9A76-1244FAEDD9DB}.Release|Any CPU.ActiveCfg = Release|Any CPU
		{3EC1E5E9-8FA0-403A-9A76-1244FAEDD9DB}.Release|Any CPU.Build.0 = Release|Any CPU
		{64B37248-5D2B-499E-A0D6-E737E822A6AF}.Debug|Any CPU.ActiveCfg = Debug|Any CPU
		{64B37248-5D2B-499E-A0D6-E737E822A6AF}.Debug|Any CPU.Build.0 = Debug|Any CPU
		{64B37248-5D2B-499E-A0D6-E737E822A6AF}.Release|Any CPU.ActiveCfg = Release|Any CPU
		{64B37248-5D2B-499E-A0D6-E737E822A6AF}.Release|Any CPU.Build.0 = Release|Any CPU
		{1282A0BA-B1BA-47F2-9B89-72E22696ECD6}.Debug|Any CPU.ActiveCfg = Debug|Any CPU
		{1282A0BA-B1BA-47F2-9B89-72E22696ECD6}.Debug|Any CPU.Build.0 = Debug|Any CPU
		{1282A0BA-B1BA-47F2-9B89-72E22696ECD6}.Release|Any CPU.ActiveCfg = Release|Any CPU
		{1282A0BA-B1BA-47F2-9B89-72E22696ECD6}.Release|Any CPU.Build.0 = Release|Any CPU
		{9A016F6C-BD9A-429A-8034-94C6E674EFC3}.Debug|Any CPU.ActiveCfg = Debug|Any CPU
		{9A016F6C-BD9A-429A-8034-94C6E674EFC3}.Debug|Any CPU.Build.0 = Debug|Any CPU
		{9A016F6C-BD9A-429A-8034-94C6E674EFC3}.Release|Any CPU.ActiveCfg = Release|Any CPU
		{9A016F6C-BD9A-429A-8034-94C6E674EFC3}.Release|Any CPU.Build.0 = Release|Any CPU
		{4A5C5833-EF84-428A-B260-CCEF3376E1A3}.Debug|Any CPU.ActiveCfg = Debug|Any CPU
		{4A5C5833-EF84-428A-B260-CCEF3376E1A3}.Debug|Any CPU.Build.0 = Debug|Any CPU
		{4A5C5833-EF84-428A-B260-CCEF3376E1A3}.Release|Any CPU.ActiveCfg = Release|Any CPU
		{4A5C5833-EF84-428A-B260-CCEF3376E1A3}.Release|Any CPU.Build.0 = Release|Any CPU
		{4E2469EF-F1FC-48FD-8B4F-C2E582FE0300}.Debug|Any CPU.ActiveCfg = Debug|Any CPU
		{4E2469EF-F1FC-48FD-8B4F-C2E582FE0300}.Debug|Any CPU.Build.0 = Debug|Any CPU
		{4E2469EF-F1FC-48FD-8B4F-C2E582FE0300}.Release|Any CPU.ActiveCfg = Release|Any CPU
		{4E2469EF-F1FC-48FD-8B4F-C2E582FE0300}.Release|Any CPU.Build.0 = Release|Any CPU
		{478AF459-C689-4E9A-A579-2838B9BBEE1D}.Debug|Any CPU.ActiveCfg = Debug|Any CPU
		{478AF459-C689-4E9A-A579-2838B9BBEE1D}.Debug|Any CPU.Build.0 = Debug|Any CPU
		{478AF459-C689-4E9A-A579-2838B9BBEE1D}.Release|Any CPU.ActiveCfg = Release|Any CPU
		{478AF459-C689-4E9A-A579-2838B9BBEE1D}.Release|Any CPU.Build.0 = Release|Any CPU
	EndGlobalSection
EndGlobal
