
Microsoft Visual Studio Solution File, Format Version 12.00
Project("{FAE04EC0-301F-11D3-BF4B-00C04F79EFBC}") = "Exer01", "Exer01\Exer01.csproj", "{B6187FAF-B4AC-4DD0-B7B5-C9DFB8B289B9}"
EndProject
Project("{FAE04EC0-301F-11D3-BF4B-00C04F79EFBC}") = "Exer02", "Exer02\Exer02.csproj", "{D9FBAE87-3410-40BA-A905-B145FC7FE143}"
EndProject
Project("{FAE04EC0-301F-11D3-BF4B-00C04F79EFBC}") = "Exer03", "Exer03\Exer03.csproj", "{F37121AA-D93A-4E66-A0F7-B9AA57A93EF8}"
EndProject
Project("{FAE04EC0-301F-11D3-BF4B-00C04F79EFBC}") = "Exer04", "Exer04\Exer04.csproj", "{827D3127-7A66-4EEF-B5DA-842E281B20B8}"
EndProject
Project("{FAE04EC0-301F-11D3-BF4B-00C04F79EFBC}") = "Exer05", "Exer05\Exer05.csproj", "{9116D4FF-9820-4536-80C3-682471DC1E62}"
EndProject
Project("{FAE04EC0-301F-11D3-BF4B-00C04F79EFBC}") = "Exer06", "Exer06\Exer06.csproj", "{42F2FB58-5834-42C6-A1F5-7D49680F50B5}"
EndProject
Global
	GlobalSection(SolutionConfigurationPlatforms) = preSolution
		Debug|Any CPU = Debug|Any CPU
		Release|Any CPU = Release|Any CPU
	EndGlobalSection
	GlobalSection(ProjectConfigurationPlatforms) = postSolution
		{B6187FAF-B4AC-4DD0-B7B5-C9DFB8B289B9}.Debug|Any CPU.ActiveCfg = Debug|Any CPU
		{B6187FAF-B4AC-4DD0-B7B5-C9DFB8B289B9}.Debug|Any CPU.Build.0 = Debug|Any CPU
		{B6187FAF-B4AC-4DD0-B7B5-C9DFB8B289B9}.Release|Any CPU.ActiveCfg = Release|Any CPU
		{B6187FAF-B4AC-4DD0-B7B5-C9DFB8B289B9}.Release|Any CPU.Build.0 = Release|Any CPU
		{D9FBAE87-3410-40BA-A905-B145FC7FE143}.Debug|Any CPU.ActiveCfg = Debug|Any CPU
		{D9FBAE87-3410-40BA-A905-B145FC7FE143}.Debug|Any CPU.Build.0 = Debug|Any CPU
		{D9FBAE87-3410-40BA-A905-B145FC7FE143}.Release|Any CPU.ActiveCfg = Release|Any CPU
		{D9FBAE87-3410-40BA-A905-B145FC7FE143}.Release|Any CPU.Build.0 = Release|Any CPU
		{F37121AA-D93A-4E66-A0F7-B9AA57A93EF8}.Debug|Any CPU.ActiveCfg = Debug|Any CPU
		{F37121AA-D93A-4E66-A0F7-B9AA57A93EF8}.Debug|Any CPU.Build.0 = Debug|Any CPU
		{F37121AA-D93A-4E66-A0F7-B9AA57A93EF8}.Release|Any CPU.ActiveCfg = Release|Any CPU
		{F37121AA-D93A-4E66-A0F7-B9AA57A93EF8}.Release|Any CPU.Build.0 = Release|Any CPU
		{827D3127-7A66-4EEF-B5DA-842E281B20B8}.Debug|Any CPU.ActiveCfg = Debug|Any CPU
		{827D3127-7A66-4EEF-B5DA-842E281B20B8}.Debug|Any CPU.Build.0 = Debug|Any CPU
		{827D3127-7A66-4EEF-B5DA-842E281B20B8}.Release|Any CPU.ActiveCfg = Release|Any CPU
		{827D3127-7A66-4EEF-B5DA-842E281B20B8}.Release|Any CPU.Build.0 = Release|Any CPU
		{9116D4FF-9820-4536-80C3-682471DC1E62}.Debug|Any CPU.ActiveCfg = Debug|Any CPU
		{9116D4FF-9820-4536-80C3-682471DC1E62}.Debug|Any CPU.Build.0 = Debug|Any CPU
		{9116D4FF-9820-4536-80C3-682471DC1E62}.Release|Any CPU.ActiveCfg = Release|Any CPU
		{9116D4FF-9820-4536-80C3-682471DC1E62}.Release|Any CPU.Build.0 = Release|Any CPU
		{42F2FB58-5834-42C6-A1F5-7D49680F50B5}.Debug|Any CPU.ActiveCfg = Debug|Any CPU
		{42F2FB58-5834-42C6-A1F5-7D49680F50B5}.Debug|Any CPU.Build.0 = Debug|Any CPU
		{42F2FB58-5834-42C6-A1F5-7D49680F50B5}.Release|Any CPU.ActiveCfg = Release|Any CPU
		{42F2FB58-5834-42C6-A1F5-7D49680F50B5}.Release|Any CPU.Build.0 = Release|Any CPU
	EndGlobalSection
EndGlobal
