
Microsoft Visual Studio Solution File, Format Version 12.00
# Visual Studio Version 17
VisualStudioVersion = 17.11.35327.3
MinimumVisualStudioVersion = 10.0.40219.1
Project("{9A19103F-16F7-4668-BE54-9A1E7A4F7556}") = "SemOO", "SemOO\SemOO.csproj", "{0BED658C-83C8-444F-A284-8DFBAD73AE4F}"
EndProject
Project("{FAE04EC0-301F-11D3-BF4B-00C04F79EFBC}") = "ComOO", "ComOO\ComOO.csproj", "{2467E11E-2FF6-4304-B992-616B66BBE115}"
EndProject
Global
	GlobalSection(SolutionConfigurationPlatforms) = preSolution
		Debug|Any CPU = Debug|Any CPU
		Release|Any CPU = Release|Any CPU
	EndGlobalSection
	GlobalSection(ProjectConfigurationPlatforms) = postSolution
		{0BED658C-83C8-444F-A284-8DFBAD73AE4F}.Debug|Any CPU.ActiveCfg = Debug|Any CPU
		{0BED658C-83C8-444F-A284-8DFBAD73AE4F}.Debug|Any CPU.Build.0 = Debug|Any CPU
		{0BED658C-83C8-444F-A284-8DFBAD73AE4F}.Release|Any CPU.ActiveCfg = Release|Any CPU
		{0BED658C-83C8-444F-A284-8DFBAD73AE4F}.Release|Any CPU.Build.0 = Release|Any CPU
		{2467E11E-2FF6-4304-B992-616B66BBE115}.Debug|Any CPU.ActiveCfg = Debug|Any CPU
		{2467E11E-2FF6-4304-B992-616B66BBE115}.Debug|Any CPU.Build.0 = Debug|Any CPU
		{2467E11E-2FF6-4304-B992-616B66BBE115}.Release|Any CPU.ActiveCfg = Release|Any CPU
		{2467E11E-2FF6-4304-B992-616B66BBE115}.Release|Any CPU.Build.0 = Release|Any CPU
	EndGlobalSection
	GlobalSection(SolutionProperties) = preSolution
		HideSolutionNode = FALSE
	EndGlobalSection
	GlobalSection(ExtensibilityGlobals) = postSolution
		SolutionGuid = {09590643-2764-4FB2-80F3-956D7B78625F}
	EndGlobalSection
EndGlobal
