
Microsoft Visual Studio Solution File, Format Version 12.00
Project("{FAE04EC0-301F-11D3-BF4B-00C04F79EFBC}") = "Redimencionador", "Redimencionador\Redimencionador.csproj", "{BB0DECF3-BC19-4908-B5AA-91D2FA07B633}"
EndProject
Global
	GlobalSection(SolutionConfigurationPlatforms) = preSolution
		Debug|Any CPU = Debug|Any CPU
		Release|Any CPU = Release|Any CPU
	EndGlobalSection
	GlobalSection(ProjectConfigurationPlatforms) = postSolution
		{BB0DECF3-BC19-4908-B5AA-91D2FA07B633}.Debug|Any CPU.ActiveCfg = Debug|Any CPU
		{BB0DECF3-BC19-4908-B5AA-91D2FA07B633}.Debug|Any CPU.Build.0 = Debug|Any CPU
		{BB0DECF3-BC19-4908-B5AA-91D2FA07B633}.Release|Any CPU.ActiveCfg = Release|Any CPU
		{BB0DECF3-BC19-4908-B5AA-91D2FA07B633}.Release|Any CPU.Build.0 = Release|Any CPU
	EndGlobalSection
EndGlobal
