
Microsoft Visual Studio Solution File, Format Version 12.00
Project("{FAE04EC0-301F-11D3-BF4B-00C04F79EFBC}") = "Exer01", "Exer01\Exer01.csproj", "{4936FB1E-3E56-4F43-8190-2DE00DA7AA36}"
EndProject
Project("{FAE04EC0-301F-11D3-BF4B-00C04F79EFBC}") = "Exer02", "Exer02\Exer02.csproj", "{28FAD30C-BBB9-45C3-A342-143730DD3EBF}"
EndProject
Global
	GlobalSection(SolutionConfigurationPlatforms) = preSolution
		Debug|Any CPU = Debug|Any CPU
		Release|Any CPU = Release|Any CPU
	EndGlobalSection
	GlobalSection(ProjectConfigurationPlatforms) = postSolution
		{4936FB1E-3E56-4F43-8190-2DE00DA7AA36}.Debug|Any CPU.ActiveCfg = Debug|Any CPU
		{4936FB1E-3E56-4F43-8190-2DE00DA7AA36}.Debug|Any CPU.Build.0 = Debug|Any CPU
		{4936FB1E-3E56-4F43-8190-2DE00DA7AA36}.Release|Any CPU.ActiveCfg = Release|Any CPU
		{4936FB1E-3E56-4F43-8190-2DE00DA7AA36}.Release|Any CPU.Build.0 = Release|Any CPU
		{28FAD30C-BBB9-45C3-A342-143730DD3EBF}.Debug|Any CPU.ActiveCfg = Debug|Any CPU
		{28FAD30C-BBB9-45C3-A342-143730DD3EBF}.Debug|Any CPU.Build.0 = Debug|Any CPU
		{28FAD30C-BBB9-45C3-A342-143730DD3EBF}.Release|Any CPU.ActiveCfg = Release|Any CPU
		{28FAD30C-BBB9-45C3-A342-143730DD3EBF}.Release|Any CPU.Build.0 = Release|Any CPU
	EndGlobalSection
EndGlobal
