
Microsoft Visual Studio Solution File, Format Version 12.00
# Visual Studio Version 17
VisualStudioVersion = 17.7.34003.232
MinimumVisualStudioVersion = 10.0.40219.1
Project("{FAE04EC0-301F-11D3-BF4B-00C04F79EFBC}") = "Introdução", "Introdução\Introdução.csproj", "{0F3E2DF5-E8FB-4CEF-B442-8E37C6D1A302}"
EndProject
Global
	GlobalSection(SolutionConfigurationPlatforms) = preSolution
		Debug|Any CPU = Debug|Any CPU
		Release|Any CPU = Release|Any CPU
	EndGlobalSection
	GlobalSection(ProjectConfigurationPlatforms) = postSolution
		{0F3E2DF5-E8FB-4CEF-B442-8E37C6D1A302}.Debug|Any CPU.ActiveCfg = Debug|Any CPU
		{0F3E2DF5-E8FB-4CEF-B442-8E37C6D1A302}.Debug|Any CPU.Build.0 = Debug|Any CPU
		{0F3E2DF5-E8FB-4CEF-B442-8E37C6D1A302}.Release|Any CPU.ActiveCfg = Release|Any CPU
		{0F3E2DF5-E8FB-4CEF-B442-8E37C6D1A302}.Release|Any CPU.Build.0 = Release|Any CPU
	EndGlobalSection
	GlobalSection(SolutionProperties) = preSolution
		HideSolutionNode = FALSE
	EndGlobalSection
	GlobalSection(ExtensibilityGlobals) = postSolution
		SolutionGuid = {79E067EC-7477-4C19-BB97-0F31C59D3898}
	EndGlobalSection
EndGlobal
