
Microsoft Visual Studio Solution File, Format Version 12.00
Project("{FAE04EC0-301F-11D3-BF4B-00C04F79EFBC}") = "Exer01", "Exer01\Exer01.csproj", "{5C193B73-3609-4855-A638-3DE9D019104C}"
EndProject
Project("{FAE04EC0-301F-11D3-BF4B-00C04F79EFBC}") = "Exer02", "Exer02\Exer02.csproj", "{525A0B2A-BCB9-48AC-978A-0F09A925C323}"
EndProject
Project("{FAE04EC0-301F-11D3-BF4B-00C04F79EFBC}") = "Exer03", "Exer03\Exer03.csproj", "{5FB57660-5C63-446B-B858-6B411B17F705}"
EndProject
Project("{FAE04EC0-301F-11D3-BF4B-00C04F79EFBC}") = "Exer04", "Exer04\Exer04.csproj", "{9E33C7F6-8B76-474E-B21F-692404F30A9F}"
EndProject
Project("{FAE04EC0-301F-11D3-BF4B-00C04F79EFBC}") = "Exer05", "Exer05\Exer05.csproj", "{67E6EB5B-52A6-4F86-BB2E-94F101CE8F90}"
EndProject
Project("{FAE04EC0-301F-11D3-BF4B-00C04F79EFBC}") = "Exer06", "Exer06\Exer06.csproj", "{68A503CD-7155-4030-ABCD-55114CF8EB18}"
EndProject
Global
	GlobalSection(SolutionConfigurationPlatforms) = preSolution
		Debug|Any CPU = Debug|Any CPU
		Release|Any CPU = Release|Any CPU
	EndGlobalSection
	GlobalSection(ProjectConfigurationPlatforms) = postSolution
		{5C193B73-3609-4855-A638-3DE9D019104C}.Debug|Any CPU.ActiveCfg = Debug|Any CPU
		{5C193B73-3609-4855-A638-3DE9D019104C}.Debug|Any CPU.Build.0 = Debug|Any CPU
		{5C193B73-3609-4855-A638-3DE9D019104C}.Release|Any CPU.ActiveCfg = Release|Any CPU
		{5C193B73-3609-4855-A638-3DE9D019104C}.Release|Any CPU.Build.0 = Release|Any CPU
		{525A0B2A-BCB9-48AC-978A-0F09A925C323}.Debug|Any CPU.ActiveCfg = Debug|Any CPU
		{525A0B2A-BCB9-48AC-978A-0F09A925C323}.Debug|Any CPU.Build.0 = Debug|Any CPU
		{525A0B2A-BCB9-48AC-978A-0F09A925C323}.Release|Any CPU.ActiveCfg = Release|Any CPU
		{525A0B2A-BCB9-48AC-978A-0F09A925C323}.Release|Any CPU.Build.0 = Release|Any CPU
		{5FB57660-5C63-446B-B858-6B411B17F705}.Debug|Any CPU.ActiveCfg = Debug|Any CPU
		{5FB57660-5C63-446B-B858-6B411B17F705}.Debug|Any CPU.Build.0 = Debug|Any CPU
		{5FB57660-5C63-446B-B858-6B411B17F705}.Release|Any CPU.ActiveCfg = Release|Any CPU
		{5FB57660-5C63-446B-B858-6B411B17F705}.Release|Any CPU.Build.0 = Release|Any CPU
		{9E33C7F6-8B76-474E-B21F-692404F30A9F}.Debug|Any CPU.ActiveCfg = Debug|Any CPU
		{9E33C7F6-8B76-474E-B21F-692404F30A9F}.Debug|Any CPU.Build.0 = Debug|Any CPU
		{9E33C7F6-8B76-474E-B21F-692404F30A9F}.Release|Any CPU.ActiveCfg = Release|Any CPU
		{9E33C7F6-8B76-474E-B21F-692404F30A9F}.Release|Any CPU.Build.0 = Release|Any CPU
		{67E6EB5B-52A6-4F86-BB2E-94F101CE8F90}.Debug|Any CPU.ActiveCfg = Debug|Any CPU
		{67E6EB5B-52A6-4F86-BB2E-94F101CE8F90}.Debug|Any CPU.Build.0 = Debug|Any CPU
		{67E6EB5B-52A6-4F86-BB2E-94F101CE8F90}.Release|Any CPU.ActiveCfg = Release|Any CPU
		{67E6EB5B-52A6-4F86-BB2E-94F101CE8F90}.Release|Any CPU.Build.0 = Release|Any CPU
		{68A503CD-7155-4030-ABCD-55114CF8EB18}.Debug|Any CPU.ActiveCfg = Debug|Any CPU
		{68A503CD-7155-4030-ABCD-55114CF8EB18}.Debug|Any CPU.Build.0 = Debug|Any CPU
		{68A503CD-7155-4030-ABCD-55114CF8EB18}.Release|Any CPU.ActiveCfg = Release|Any CPU
		{68A503CD-7155-4030-ABCD-55114CF8EB18}.Release|Any CPU.Build.0 = Release|Any CPU
	EndGlobalSection
EndGlobal
