
Microsoft Visual Studio Solution File, Format Version 12.00
# Visual Studio Version 17
VisualStudioVersion = 17.6.33723.286
MinimumVisualStudioVersion = 10.0.40219.1
Project("{FAE04EC0-301F-11D3-BF4B-00C04F79EFBC}") = "GarbageCollectorEscopoLocal", "GarbageCollectorEscopoLocal\GarbageCollectorEscopoLocal.csproj", "{9232E4F1-8387-4CBA-B953-B14A36C262BC}"
EndProject
Project("{FAE04EC0-301F-11D3-BF4B-00C04F79EFBC}") = "TipoReferenciaTipoValor", "TipoReferenciaTipoValor\TipoReferenciaTipoValor.csproj", "{471B3368-7D7B-46A7-8183-5CEDD4A0DE31}"
EndProject
Project("{FAE04EC0-301F-11D3-BF4B-00C04F79EFBC}") = "Nullable", "Nullable\Nullable.csproj", "{C1E6861F-36E1-4E73-AEA1-537205AC5DDF}"
EndProject
Global
	GlobalSection(SolutionConfigurationPlatforms) = preSolution
		Debug|Any CPU = Debug|Any CPU
		Release|Any CPU = Release|Any CPU
	EndGlobalSection
	GlobalSection(ProjectConfigurationPlatforms) = postSolution
		{9232E4F1-8387-4CBA-B953-B14A36C262BC}.Debug|Any CPU.ActiveCfg = Debug|Any CPU
		{9232E4F1-8387-4CBA-B953-B14A36C262BC}.Debug|Any CPU.Build.0 = Debug|Any CPU
		{9232E4F1-8387-4CBA-B953-B14A36C262BC}.Release|Any CPU.ActiveCfg = Release|Any CPU
		{9232E4F1-8387-4CBA-B953-B14A36C262BC}.Release|Any CPU.Build.0 = Release|Any CPU
		{471B3368-7D7B-46A7-8183-5CEDD4A0DE31}.Debug|Any CPU.ActiveCfg = Debug|Any CPU
		{471B3368-7D7B-46A7-8183-5CEDD4A0DE31}.Debug|Any CPU.Build.0 = Debug|Any CPU
		{471B3368-7D7B-46A7-8183-5CEDD4A0DE31}.Release|Any CPU.ActiveCfg = Release|Any CPU
		{471B3368-7D7B-46A7-8183-5CEDD4A0DE31}.Release|Any CPU.Build.0 = Release|Any CPU
		{C1E6861F-36E1-4E73-AEA1-537205AC5DDF}.Debug|Any CPU.ActiveCfg = Debug|Any CPU
		{C1E6861F-36E1-4E73-AEA1-537205AC5DDF}.Debug|Any CPU.Build.0 = Debug|Any CPU
		{C1E6861F-36E1-4E73-AEA1-537205AC5DDF}.Release|Any CPU.ActiveCfg = Release|Any CPU
		{C1E6861F-36E1-4E73-AEA1-537205AC5DDF}.Release|Any CPU.Build.0 = Release|Any CPU
	EndGlobalSection
	GlobalSection(SolutionProperties) = preSolution
		HideSolutionNode = FALSE
	EndGlobalSection
	GlobalSection(ExtensibilityGlobals) = postSolution
		SolutionGuid = {200448FC-CEDC-4F07-9105-981B3BBD8857}
	EndGlobalSection
EndGlobal
